{
  "requires": true,
  "lockfileVersion": 1,
  "dependencies": {
    "@babel/runtime": {
      "version": "7.14.8",
      "resolved": "https://registry.npmjs.org/@babel/runtime/-/runtime-7.14.8.tgz",
      "integrity": "sha512-twj3L8Og5SaCRCErB4x4ajbvBIVV77CGeFglHpeg5WC5FF8TZzBWXtTJ4MqaD9QszLYTtr+IsaAL2rEUevb+eg==",
      "requires": {
        "regenerator-runtime": "^0.13.4"
      }
    },
    "@popperjs/core": {
      "version": "2.9.2",
      "resolved": "https://registry.npmjs.org/@popperjs/core/-/core-2.9.2.tgz",
      "integrity": "sha512-VZMYa7+fXHdwIq1TDhSXoVmSPEGM/aa+6Aiq3nVVJ9bXr24zScr+NlKFKC3iPljA7ho/GAZr+d2jOf5GIRC30Q=="
    },
    "@vant/popperjs": {
      "version": "1.1.0",
      "resolved": "https://registry.npmjs.org/@vant/popperjs/-/popperjs-1.1.0.tgz",
      "integrity": "sha512-8MD1gz146awV/uPxYjz4pet22f7a9YVKqk7T+gFkWFwT9mEcrIUEg/xPrdOnWKLP9puXyYtm7oVfSDSefZ/p/w==",
      "requires": {
        "@popperjs/core": "^2.9.2"
      }
    },
    "@vue/babel-helper-vue-jsx-merge-props": {
      "version": "1.2.1",
      "resolved": "https://registry.npmjs.org/@vue/babel-helper-vue-jsx-merge-props/-/babel-helper-vue-jsx-merge-props-1.2.1.tgz",
      "integrity": "sha512-QOi5OW45e2R20VygMSNhyQHvpdUwQZqGPc748JLGCYEy+yp8fNFNdbNIGAgZmi9e+2JHPd6i6idRuqivyicIkA=="
    },
    "regenerator-runtime": {
      "version": "0.13.9",
      "resolved": "https://registry.npmjs.org/regenerator-runtime/-/regenerator-runtime-0.13.9.tgz",
      "integrity": "sha512-p3VT+cOEgxFsRRA9X4lkI1E+k2/CtnKtU4gcxyaCUreilL/vqI6CdZ3wxVUx3UOUg+gnUOQQcRI7BmSI656MYA=="
    },
    "vant": {
      "version": "2.12.25",
      "resolved": "https://registry.npmjs.org/vant/-/vant-2.12.25.tgz",
      "integrity": "sha512-7WoLG/fTYbEmtd1GVUEaFAqxfDvFLQmlyN+ZQLcp5KFRJ37pUQug9CCH8Ac2vScOKNxv1TIR1ol9VKTba3KP9g==",
      "requires": {
        "@babel/runtime": "7.x",
        "@vant/icons": "^1.5.3",
        "@vant/popperjs": "^1.0.0",
        "@vue/babel-helper-vue-jsx-merge-props": "^1.0.0",
        "vue-lazyload": "1.2.3"
      },
      "dependencies": {
        "@vant/icons": {
          "version": "1.7.0",
          "resolved": "https://registry.npmjs.org/@vant/icons/-/icons-1.7.0.tgz",
          "integrity": "sha512-sqKvtYcSgSd6+AU1nBPaZARn2Nzf8hi0ErLhfXVR6f+Y7R0gojGZVoxuB83yUI6+0LwbitW5IfN3E6qzEsu21Q=="
        }
      }
    },
    "vue-lazyload": {
      "version": "1.2.3",
      "resolved": "https://registry.npmjs.org/vue-lazyload/-/vue-lazyload-1.2.3.tgz",
      "integrity": "sha512-DC0ZwxanbRhx79tlA3zY5OYJkH8FYp3WBAnAJbrcuoS8eye1P73rcgAZhyxFSPUluJUTelMB+i/+VkNU/qVm7g=="
    },
    "vue-qriously": {
      "version": "1.1.1",
      "resolved": "https://registry.npmjs.org/vue-qriously/-/vue-qriously-1.1.1.tgz",
      "integrity": "sha512-AlP8A7LpXWF5lyJsQYxtPE3+qlRqIBX9CP3cn0Oiov9QFNovp+3z7VJLqHRQh6poXO5K2RbZwAiY3hsVVlQbRg=="
    }
  }
}
